
Microsoft Visual Studio Solution File, Format Version 12.00
# Visual Studio Version 16
VisualStudioVersion = 16.0.31129.286
MinimumVisualStudioVersion = 10.0.40219.1
Project("{FAE04EC0-301F-11D3-BF4B-00C04F79EFBC}") = "WebApplication4", "WebApplication4.csproj", "{481D8A9E-2CCE-4ECB-93AB-FD27BF65FDCD}"
EndProject
Global
	GlobalSection(SolutionConfigurationPlatforms) = preSolution
		Debug|Any CPU = Debug|Any CPU
		Release|Any CPU = Release|Any CPU
	EndGlobalSection
	GlobalSection(ProjectConfigurationPlatforms) = postSolution
		{481D8A9E-2CCE-4ECB-93AB-FD27BF65FDCD}.Debug|Any CPU.ActiveCfg = Debug|Any CPU
		{481D8A9E-2CCE-4ECB-93AB-FD27BF65FDCD}.Debug|Any CPU.Build.0 = Debug|Any CPU
		{481D8A9E-2CCE-4ECB-93AB-FD27BF65FDCD}.Release|Any CPU.ActiveCfg = Release|Any CPU
		{481D8A9E-2CCE-4ECB-93AB-FD27BF65FDCD}.Release|Any CPU.Build.0 = Release|Any CPU
	EndGlobalSection
	GlobalSection(SolutionProperties) = preSolution
		HideSolutionNode = FALSE
	EndGlobalSection
	GlobalSection(ExtensibilityGlobals) = postSolution
		SolutionGuid = {31FF800A-98A3-47FA-98F9-6807D3D6E4BF}
	EndGlobalSection
EndGlobal
